
Microsoft Visual Studio Solution File, Format Version 12.00
# Visual Studio Version 17
VisualStudioVersion = 17.12.35707.178
MinimumVisualStudioVersion = 10.0.40219.1
Project("{FAE04EC0-301F-11D3-BF4B-00C04F79EFBC}") = "GroepsProject1.3Backend.WebApi", "GroepsProject1.3Backend.WebApi\GroepsProject1.3Backend.WebApi.csproj", "{6347EB96-2C55-4EF1-903A-EF881B3603EB}"
EndProject
Project("{FAE04EC0-301F-11D3-BF4B-00C04F79EFBC}") = "BackendTest", "BackendTest\BackendTest.csproj", "{38E6743C-57DF-4821-B091-E337EE55C814}"
EndProject
Global
	GlobalSection(SolutionConfigurationPlatforms) = preSolution
		Debug|Any CPU = Debug|Any CPU
		Release|Any CPU = Release|Any CPU
	EndGlobalSection
	GlobalSection(ProjectConfigurationPlatforms) = postSolution
		{6347EB96-2C55-4EF1-903A-EF881B3603EB}.Debug|Any CPU.ActiveCfg = Debug|Any CPU
		{6347EB96-2C55-4EF1-903A-EF881B3603EB}.Debug|Any CPU.Build.0 = Debug|Any CPU
		{6347EB96-2C55-4EF1-903A-EF881B3603EB}.Release|Any CPU.ActiveCfg = Release|Any CPU
		{6347EB96-2C55-4EF1-903A-EF881B3603EB}.Release|Any CPU.Build.0 = Release|Any CPU
		{38E6743C-57DF-4821-B091-E337EE55C814}.Debug|Any CPU.ActiveCfg = Debug|Any CPU
		{38E6743C-57DF-4821-B091-E337EE55C814}.Debug|Any CPU.Build.0 = Debug|Any CPU
		{38E6743C-57DF-4821-B091-E337EE55C814}.Release|Any CPU.ActiveCfg = Release|Any CPU
		{38E6743C-57DF-4821-B091-E337EE55C814}.Release|Any CPU.Build.0 = Release|Any CPU
	EndGlobalSection
	GlobalSection(SolutionProperties) = preSolution
		HideSolutionNode = FALSE
	EndGlobalSection
EndGlobal
